# THIS IS AN AUTOGENERATED FILE. DO NOT EDIT THIS FILE DIRECTLY.
# yarn lockfile v1


accepts@~1.3.5:
  version "1.3.5"
  resolved "https://registry.npmjs.org/accepts/-/accepts-1.3.5.tgz"
  dependencies:
    mime-types "~2.1.18"
    negotiator "0.6.1"

array-flatten@1.1.1:
  version "1.1.1"
  resolved "https://registry.npmjs.org/array-flatten/-/array-flatten-1.1.1.tgz"

axios@^0.21.1:
  version "0.21.1"
  resolved "https://registry.npmjs.org/axios/-/axios-0.21.1.tgz"
  dependencies:
    follow-redirects "^1.10.0"

body-parser@1.18.2:
  version "1.18.2"
  resolved "https://registry.npmjs.org/body-parser/-/body-parser-1.18.2.tgz"
  dependencies:
    bytes "3.0.0"
    content-type "~1.0.4"
    debug "2.6.9"
    depd "~1.1.1"
    http-errors "~1.6.2"
    iconv-lite "0.4.19"
    on-finished "~2.3.0"
    qs "6.5.1"
    raw-body "2.3.2"
    type-is "~1.6.15"

bytes@3.0.0:
  version "3.0.0"
  resolved "https://registry.npmjs.org/bytes/-/bytes-3.0.0.tgz"

content-disposition@0.5.2:
  version "0.5.2"
  resolved "https://registry.npmjs.org/content-disposition/-/content-disposition-0.5.2.tgz"

content-type@~1.0.4:
  version "1.0.4"
  resolved "https://registry.npmjs.org/content-type/-/content-type-1.0.4.tgz"

cookie-signature@1.0.6:
  version "1.0.6"
  resolved "https://registry.npmjs.org/cookie-signature/-/cookie-signature-1.0.6.tgz"

cookie@0.3.1:
  version "0.3.1"
  resolved "https://registry.npmjs.org/cookie/-/cookie-0.3.1.tgz"

debug@2.6.9:
  version "2.6.9"
  resolved "https://registry.npmjs.org/debug/-/debug-2.6.9.tgz"
  dependencies:
    ms "2.0.0"

depd@1.1.1:
  version "1.1.1"
  resolved "https://registry.npmjs.org/depd/-/depd-1.1.1.tgz"

depd@~1.1.1, depd@~1.1.2:
  version "1.1.2"
  resolved "https://registry.npmjs.org/depd/-/depd-1.1.2.tgz"

destroy@~1.0.4:
  version "1.0.4"
  resolved "https://registry.npmjs.org/destroy/-/destroy-1.0.4.tgz"

ee-first@1.1.1:
  version "1.1.1"
  resolved "https://registry.npmjs.org/ee-first/-/ee-first-1.1.1.tgz"

encodeurl@~1.0.2:
  version "1.0.2"
  resolved "https://registry.npmjs.org/encodeurl/-/encodeurl-1.0.2.tgz"

escape-html@~1.0.3:
  version "1.0.3"
  resolved "https://registry.npmjs.org/escape-html/-/escape-html-1.0.3.tgz"

etag@~1.8.1:
  version "1.8.1"
  resolved "https://registry.npmjs.org/etag/-/etag-1.8.1.tgz"

express@^4.16.3:
  version "4.16.3"
  resolved "https://registry.npmjs.org/express/-/express-4.16.3.tgz"
  dependencies:
    accepts "~1.3.5"
    array-flatten "1.1.1"
    body-parser "1.18.2"
    content-disposition "0.5.2"
    content-type "~1.0.4"
    cookie "0.3.1"
    cookie-signature "1.0.6"
    debug "2.6.9"
    depd "~1.1.2"
    encodeurl "~1.0.2"
    escape-html "~1.0.3"
    etag "~1.8.1"
    finalhandler "1.1.1"
    fresh "0.5.2"
    merge-descriptors "1.0.1"
    methods "~1.1.2"
    on-finished "~2.3.0"
    parseurl "~1.3.2"
    path-to-regexp "0.1.7"
    proxy-addr "~2.0.3"
    qs "6.5.1"
    range-parser "~1.2.0"
    safe-buffer "5.1.1"
    send "0.16.2"
    serve-static "1.13.2"
    setprototypeof "1.1.0"
    statuses "~1.4.0"
    type-is "~1.6.16"
    utils-merge "1.0.1"
    vary "~1.1.2"

finalhandler@1.1.1:
  version "1.1.1"
  resolved "https://registry.npmjs.org/finalhandler/-/finalhandler-1.1.1.tgz"
  dependencies:
    debug "2.6.9"
    encodeurl "~1.0.2"
    escape-html "~1.0.3"
    on-finished "~2.3.0"
    parseurl "~1.3.2"
    statuses "~1.4.0"
    unpipe "~1.0.0"

follow-redirects@^1.10.0:
  version "1.14.8"
  resolved "https://registry.yarnpkg.com/follow-redirects/-/follow-redirects-1.14.8.tgz#016996fb9a11a100566398b1c6839337d7bfa8fc"

forwarded@~0.1.2:
  version "0.1.2"
  resolved "https://registry.npmjs.org/forwarded/-/forwarded-0.1.2.tgz"

fresh@0.5.2:
  version "0.5.2"
  resolved "https://registry.npmjs.org/fresh/-/fresh-0.5.2.tgz"

http-errors@1.6.2:
  version "1.6.2"
  resolved "https://registry.npmjs.org/http-errors/-/http-errors-1.6.2.tgz"
  dependencies:
    depd "1.1.1"
    inherits "2.0.3"
    setprototypeof "1.0.3"
    statuses ">= 1.3.1 < 2"

http-errors@~1.6.2:
  version "1.6.3"
  resolved "https://registry.npmjs.org/http-errors/-/http-errors-1.6.3.tgz"
  dependencies:
    depd "~1.1.2"
    inherits "2.0.3"
    setprototypeof "1.1.0"
    statuses ">= 1.4.0 < 2"

iconv-lite@0.4.19:
  version "0.4.19"
  resolved "https://registry.npmjs.org/iconv-lite/-/iconv-lite-0.4.19.tgz"

inherits@2.0.3:
  version "2.0.3"
  resolved "https://registry.npmjs.org/inherits/-/inherits-2.0.3.tgz"

ipaddr.js@1.6.0:
  version "1.6.0"
  resolved "https://registry.npmjs.org/ipaddr.js/-/ipaddr.js-1.6.0.tgz"

media-typer@0.3.0:
  version "0.3.0"
  resolved "https://registry.npmjs.org/media-typer/-/media-typer-0.3.0.tgz"

merge-descriptors@1.0.1:
  version "1.0.1"
  resolved "https://registry.npmjs.org/merge-descriptors/-/merge-descriptors-1.0.1.tgz"

methods@~1.1.2:
  version "1.1.2"
  resolved "https://registry.npmjs.org/methods/-/methods-1.1.2.tgz"

mime-db@~1.33.0:
  version "1.33.0"
  resolved "https://registry.npmjs.org/mime-db/-/mime-db-1.33.0.tgz"

mime-types@~2.1.18:
  version "2.1.18"
  resolved "https://registry.npmjs.org/mime-types/-/mime-types-2.1.18.tgz"
  dependencies:
    mime-db "~1.33.0"

mime@1.4.1:
  version "1.4.1"
  resolved "https://registry.npmjs.org/mime/-/mime-1.4.1.tgz"

ms@2.0.0:
  version "2.0.0"
  resolved "https://registry.npmjs.org/ms/-/ms-2.0.0.tgz"

negotiator@0.6.1:
  version "0.6.1"
  resolved "https://registry.npmjs.org/negotiator/-/negotiator-0.6.1.tgz"

on-finished@~2.3.0:
  version "2.3.0"
  resolved "https://registry.npmjs.org/on-finished/-/on-finished-2.3.0.tgz"
  dependencies:
    ee-first "1.1.1"

parseurl@~1.3.2:
  version "1.3.2"
  resolved "https://registry.npmjs.org/parseurl/-/parseurl-1.3.2.tgz"

path-to-regexp@0.1.7:
  version "0.1.7"
  resolved "https://registry.npmjs.org/path-to-regexp/-/path-to-regexp-0.1.7.tgz"

proxy-addr@~2.0.3:
  version "2.0.3"
  resolved "https://registry.npmjs.org/proxy-addr/-/proxy-addr-2.0.3.tgz"
  dependencies:
    forwarded "~0.1.2"
    ipaddr.js "1.6.0"

qs@6.5.1:
  version "6.5.1"
  resolved "https://registry.npmjs.org/qs/-/qs-6.5.1.tgz"

range-parser@~1.2.0:
  version "1.2.0"
  resolved "https://registry.npmjs.org/range-parser/-/range-parser-1.2.0.tgz"

raw-body@2.3.2:
  version "2.3.2"
  resolved "https://registry.npmjs.org/raw-body/-/raw-body-2.3.2.tgz"
  dependencies:
    bytes "3.0.0"
    http-errors "1.6.2"
    iconv-lite "0.4.19"
    unpipe "1.0.0"

safe-buffer@5.1.1:
  version "5.1.1"
  resolved "https://registry.npmjs.org/safe-buffer/-/safe-buffer-5.1.1.tgz"

send@0.16.2:
  version "0.16.2"
  resolved "https://registry.npmjs.org/send/-/send-0.16.2.tgz"
  dependencies:
    debug "2.6.9"
    depd "~1.1.2"
    destroy "~1.0.4"
    encodeurl "~1.0.2"
    escape-html "~1.0.3"
    etag "~1.8.1"
    fresh "0.5.2"
    http-errors "~1.6.2"
    mime "1.4.1"
    ms "2.0.0"
    on-finished "~2.3.0"
    range-parser "~1.2.0"
    statuses "~1.4.0"

serve-static@1.13.2:
  version "1.13.2"
  resolved "https://registry.npmjs.org/serve-static/-/serve-static-1.13.2.tgz"
  dependencies:
    encodeurl "~1.0.2"
    escape-html "~1.0.3"
    parseurl "~1.3.2"
    send "0.16.2"

setprototypeof@1.0.3:
  version "1.0.3"
  resolved "https://registry.npmjs.org/setprototypeof/-/setprototypeof-1.0.3.tgz"

setprototypeof@1.1.0:
  version "1.1.0"
  resolved "https://registry.npmjs.org/setprototypeof/-/setprototypeof-1.1.0.tgz"

"statuses@>= 1.3.1 < 2", "statuses@>= 1.4.0 < 2", statuses@~1.4.0:
  version "1.4.0"
  resolved "https://registry.npmjs.org/statuses/-/statuses-1.4.0.tgz"

type-is@~1.6.15, type-is@~1.6.16:
  version "1.6.16"
  resolved "https://registry.npmjs.org/type-is/-/type-is-1.6.16.tgz"
  dependencies:
    media-typer "0.3.0"
    mime-types "~2.1.18"

unpipe@1.0.0, unpipe@~1.0.0:
  version "1.0.0"
  resolved "https://registry.npmjs.org/unpipe/-/unpipe-1.0.0.tgz"

utils-merge@1.0.1:
  version "1.0.1"
  resolved "https://registry.npmjs.org/utils-merge/-/utils-merge-1.0.1.tgz"

vary@~1.1.2:
  version "1.1.2"
  resolved "https://registry.npmjs.org/vary/-/vary-1.1.2.tgz"
